
Microsoft Visual Studio Solution File, Format Version 12.00
# Visual Studio Version 17
VisualStudioVersion = 17.6.33723.286
MinimumVisualStudioVersion = 10.0.40219.1
Project("{9A19103F-16F7-4668-BE54-9A1E7A4F7556}") = "ImpactPSService", "ImpactPSService\ImpactPSService.csproj", "{510DE1C3-F4DE-4A3A-8E6A-E6FDE1CB3D81}"
EndProject
Project("{9A19103F-16F7-4668-BE54-9A1E7A4F7556}") = "DataImpact", "DataImpact\DataImpact.csproj", "{EE131E6A-B504-43D4-9D8D-F46E8DCFFC57}"
EndProject
Global
	GlobalSection(SolutionConfigurationPlatforms) = preSolution
		Debug|Any CPU = Debug|Any CPU
		Release|Any CPU = Release|Any CPU
	EndGlobalSection
	GlobalSection(ProjectConfigurationPlatforms) = postSolution
		{510DE1C3-F4DE-4A3A-8E6A-E6FDE1CB3D81}.Debug|Any CPU.ActiveCfg = Debug|Any CPU
		{510DE1C3-F4DE-4A3A-8E6A-E6FDE1CB3D81}.Debug|Any CPU.Build.0 = Debug|Any CPU
		{510DE1C3-F4DE-4A3A-8E6A-E6FDE1CB3D81}.Release|Any CPU.ActiveCfg = Release|Any CPU
		{510DE1C3-F4DE-4A3A-8E6A-E6FDE1CB3D81}.Release|Any CPU.Build.0 = Release|Any CPU
		{EE131E6A-B504-43D4-9D8D-F46E8DCFFC57}.Debug|Any CPU.ActiveCfg = Debug|Any CPU
		{EE131E6A-B504-43D4-9D8D-F46E8DCFFC57}.Debug|Any CPU.Build.0 = Debug|Any CPU
		{EE131E6A-B504-43D4-9D8D-F46E8DCFFC57}.Release|Any CPU.ActiveCfg = Release|Any CPU
		{EE131E6A-B504-43D4-9D8D-F46E8DCFFC57}.Release|Any CPU.Build.0 = Release|Any CPU
	EndGlobalSection
	GlobalSection(SolutionProperties) = preSolution
		HideSolutionNode = FALSE
	EndGlobalSection
	GlobalSection(ExtensibilityGlobals) = postSolution
		SolutionGuid = {0CCA2B99-77F2-4121-A922-8B96761B1165}
	EndGlobalSection
EndGlobal
